// !$*UTF8*$!
{
	archiveVersion = 1;
	classes = {
	};
	objectVersion = 50;
	objects = {

/* Begin PBXBuildFile section */
		F0AEF07427A2732A00C9D24C /* AppDelegate.swift in Sources */ = {isa = PBXBuildFile; fileRef = F0AEF07327A2732A00C9D24C /* AppDelegate.swift */; };
		F0AEF07627A2732A00C9D24C /* SceneDelegate.swift in Sources */ = {isa = PBXBuildFile; fileRef = F0AEF07527A2732A00C9D24C /* SceneDelegate.swift */; };
		F0AEF07B27A2732A00C9D24C /* Main.storyboard in Resources */ = {isa = PBXBuildFile; fileRef = F0AEF07927A2732A00C9D24C /* Main.storyboard */; };
		F0AEF07D27A2732A00C9D24C /* Assets.xcassets in Resources */ = {isa = PBXBuildFile; fileRef = F0AEF07C27A2732A00C9D24C /* Assets.xcassets */; };
		F0AEF08027A2732A00C9D24C /* LaunchScreen.storyboard in Resources */ = {isa = PBXBuildFile; fileRef = F0AEF07E27A2732A00C9D24C /* LaunchScreen.storyboard */; };
		F0AEF08B27A2732A00C9D24C /* TestAppTests.swift in Sources */ = {isa = PBXBuildFile; fileRef = F0AEF08A27A2732A00C9D24C /* TestAppTests.swift */; };
		F0AEF09627A2732A00C9D24C /* TestAppUITests.swift in Sources */ = {isa = PBXBuildFile; fileRef = F0AEF09527A2732A00C9D24C /* TestAppUITests.swift */; };
		F0AEF0A427A278BC00C9D24C /* FirstViewController.swift in Sources */ = {isa = PBXBuildFile; fileRef = F0AEF0A327A278BC00C9D24C /* FirstViewController.swift */; };
		F0AEF0A627A29E6600C9D24C /* CustomTableViewCell.swift in Sources */ = {isa = PBXBuildFile; fileRef = F0AEF0A527A29E6600C9D24C /* CustomTableViewCell.swift */; };
/* End PBXBuildFile section */

/* Begin PBXContainerItemProxy section */
		F0AEF08727A2732A00C9D24C /* PBXContainerItemProxy */ = {
			isa = PBXContainerItemProxy;
			containerPortal = F0AEF06827A2732A00C9D24C /* Project object */;
			proxyType = 1;
			remoteGlobalIDString = F0AEF06F27A2732A00C9D24C;
			remoteInfo = TestApp;
		};
		F0AEF09227A2732A00C9D24C /* PBXContainerItemProxy */ = {
			isa = PBXContainerItemProxy;
			containerPortal = F0AEF06827A2732A00C9D24C /* Project object */;
			proxyType = 1;
			remoteGlobalIDString = F0AEF06F27A2732A00C9D24C;
			remoteInfo = TestApp;
		};
/* End PBXContainerItemProxy section */

/* Begin PBXFileReference section */
		F0AEF07027A2732A00C9D24C /* TestApp.app */ = {isa = PBXFileReference; explicitFileType = wrapper.application; includeInIndex = 0; path = TestApp.app; sourceTree = BUILT_PRODUCTS_DIR; };
		F0AEF07327A2732A00C9D24C /* AppDelegate.swift */ = {isa = PBXFileReference; lastKnownFileType = sourcecode.swift; path = AppDelegate.swift; sourceTree = "<group>"; };
		F0AEF07527A2732A00C9D24C /* SceneDelegate.swift */ = {isa = PBXFileReference; lastKnownFileType = sourcecode.swift; path = SceneDelegate.swift; sourceTree = "<group>"; };
		F0AEF07A27A2732A00C9D24C /* Base */ = {isa = PBXFileReference; lastKnownFileType = file.storyboard; name = Base; path = Base.lproj/Main.storyboard; sourceTree = "<group>"; };
		F0AEF07C27A2732A00C9D24C /* Assets.xcassets */ = {isa = PBXFileReference; lastKnownFileType = folder.assetcatalog; path = Assets.xcassets; sourceTree = "<group>"; };
		F0AEF07F27A2732A00C9D24C /* Base */ = {isa = PBXFileReference; lastKnownFileType = file.storyboard; name = Base; path = Base.lproj/LaunchScreen.storyboard; sourceTree = "<group>"; };
		F0AEF08127A2732A00C9D24C /* Info.plist */ = {isa = PBXFileReference; lastKnownFileType = text.plist.xml; path = Info.plist; sourceTree = "<group>"; };
		F0AEF08627A2732A00C9D24C /* TestAppTests.xctest */ = {isa = PBXFileReference; explicitFileType = wrapper.cfbundle; includeInIndex = 0; path = TestAppTests.xctest; sourceTree = BUILT_PRODUCTS_DIR; };
		F0AEF08A27A2732A00C9D24C /* TestAppTests.swift */ = {isa = PBXFileReference; lastKnownFileType = sourcecode.swift; path = TestAppTests.swift; sourceTree = "<group>"; };
		F0AEF08C27A2732A00C9D24C /* Info.plist */ = {isa = PBXFileReference; lastKnownFileType = text.plist.xml; path = Info.plist; sourceTree = "<group>"; };
		F0AEF09127A2732A00C9D24C /* TestAppUITests.xctest */ = {isa = PBXFileReference; explicitFileType = wrapper.cfbundle; includeInIndex = 0; path = TestAppUITests.xctest; sourceTree = BUILT_PRODUCTS_DIR; };
		F0AEF09527A2732A00C9D24C /* TestAppUITests.swift */ = {isa = PBXFileReference; lastKnownFileType = sourcecode.swift; path = TestAppUITests.swift; sourceTree = "<group>"; };
		F0AEF09727A2732A00C9D24C /* Info.plist */ = {isa = PBXFileReference; lastKnownFileType = text.plist.xml; path = Info.plist; sourceTree = "<group>"; };
		F0AEF0A327A278BC00C9D24C /* FirstViewController.swift */ = {isa = PBXFileReference; lastKnownFileType = sourcecode.swift; path = FirstViewController.swift; sourceTree = "<group>"; };
		F0AEF0A527A29E6600C9D24C /* CustomTableViewCell.swift */ = {isa = PBXFileReference; lastKnownFileType = sourcecode.swift; path = CustomTableViewCell.swift; sourceTree = "<group>"; };
/* End PBXFileReference section */

/* Begin PBXFrameworksBuildPhase section */
		F0AEF06D27A2732A00C9D24C /* Frameworks */ = {
			isa = PBXFrameworksBuildPhase;
			buildActionMask = 2147483647;
			files = (
			);
			runOnlyForDeploymentPostprocessing = 0;
		};
		F0AEF08327A2732A00C9D24C /* Frameworks */ = {
			isa = PBXFrameworksBuildPhase;
			buildActionMask = 2147483647;
			files = (
			);
			runOnlyForDeploymentPostprocessing = 0;
		};
		F0AEF08E27A2732A00C9D24C /* Frameworks */ = {
			isa = PBXFrameworksBuildPhase;
			buildActionMask = 2147483647;
			files = (
			);
			runOnlyForDeploymentPostprocessing = 0;
		};
/* End PBXFrameworksBuildPhase section */

/* Begin PBXGroup section */
		F0AEF06727A2732A00C9D24C = {
			isa = PBXGroup;
			children = (
				F0AEF07227A2732A00C9D24C /* TestApp */,
				F0AEF08927A2732A00C9D24C /* TestAppTests */,
				F0AEF09427A2732A00C9D24C /* TestAppUITests */,
				F0AEF07127A2732A00C9D24C /* Products */,
			);
			sourceTree = "<group>";
		};
		F0AEF07127A2732A00C9D24C /* Products */ = {
			isa = PBXGroup;
			children = (
				F0AEF07027A2732A00C9D24C /* TestApp.app */,
				F0AEF08627A2732A00C9D24C /* TestAppTests.xctest */,
				F0AEF09127A2732A00C9D24C /* TestAppUITests.xctest */,
			);
			name = Products;
			sourceTree = "<group>";
		};
		F0AEF07227A2732A00C9D24C /* TestApp */ = {
			isa = PBXGroup;
			children = (
				F0AEF07327A2732A00C9D24C /* AppDelegate.swift */,
				F0AEF07527A2732A00C9D24C /* SceneDelegate.swift */,
				F0AEF0A327A278BC00C9D24C /* FirstViewController.swift */,
				F0AEF0A527A29E6600C9D24C /* CustomTableViewCell.swift */,
				F0AEF07927A2732A00C9D24C /* Main.storyboard */,
				F0AEF07C27A2732A00C9D24C /* Assets.xcassets */,
				F0AEF07E27A2732A00C9D24C /* LaunchScreen.storyboard */,
				F0AEF08127A2732A00C9D24C /* Info.plist */,
			);
			path = TestApp;
			sourceTree = "<group>";
		};
		F0AEF08927A2732A00C9D24C /* TestAppTests */ = {
			isa = PBXGroup;
			children = (
				F0AEF08A27A2732A00C9D24C /* TestAppTests.swift */,
				F0AEF08C27A2732A00C9D24C /* Info.plist */,
			);
			path = TestAppTests;
			sourceTree = "<group>";
		};
		F0AEF09427A2732A00C9D24C /* TestAppUITests */ = {
			isa = PBXGroup;
			children = (
				F0AEF09527A2732A00C9D24C /* TestAppUITests.swift */,
				F0AEF09727A2732A00C9D24C /* Info.plist */,
			);
			path = TestAppUITests;
			sourceTree = "<group>";
		};
/* End PBXGroup section */

/* Begin PBXNativeTarget section */
		F0AEF06F27A2732A00C9D24C /* TestApp */ = {
			isa = PBXNativeTarget;
			buildConfigurationList = F0AEF09A27A2732A00C9D24C /* Build configuration list for PBXNativeTarget "TestApp" */;
			buildPhases = (
				F0AEF06C27A2732A00C9D24C /* Sources */,
				F0AEF06D27A2732A00C9D24C /* Frameworks */,
				F0AEF06E27A2732A00C9D24C /* Resources */,
			);
			buildRules = (
			);
			dependencies = (
			);
			name = TestApp;
			productName = TestApp;
			productReference = F0AEF07027A2732A00C9D24C /* TestApp.app */;
			productType = "com.apple.product-type.application";
		};
		F0AEF08527A2732A00C9D24C /* TestAppTests */ = {
			isa = PBXNativeTarget;
			buildConfigurationList = F0AEF09D27A2732A00C9D24C /* Build configuration list for PBXNativeTarget "TestAppTests" */;
			buildPhases = (
				F0AEF08227A2732A00C9D24C /* Sources */,
				F0AEF08327A2732A00C9D24C /* Frameworks */,
				F0AEF08427A2732A00C9D24C /* Resources */,
			);
			buildRules = (
			);
			dependencies = (
				F0AEF08827A2732A00C9D24C /* PBXTargetDependency */,
			);
			name = TestAppTests;
			productName = TestAppTests;
			productReference = F0AEF08627A2732A00C9D24C /* TestAppTests.xctest */;
			productType = "com.apple.product-type.bundle.unit-test";
		};
		F0AEF09027A2732A00C9D24C /* TestAppUITests */ = {
			isa = PBXNativeTarget;
			buildConfigurationList = F0AEF0A027A2732A00C9D24C /* Build configuration list for PBXNativeTarget "TestAppUITests" */;
			buildPhases = (
				F0AEF08D27A2732A00C9D24C /* Sources */,
				F0AEF08E27A2732A00C9D24C /* Frameworks */,
				F0AEF08F27A2732A00C9D24C /* Resources */,
			);
			buildRules = (
			);
			dependencies = (
				F0AEF09327A2732A00C9D24C /* PBXTargetDependency */,
			);
			name = TestAppUITests;
			productName = TestAppUITests;
			productReference = F0AEF09127A2732A00C9D24C /* TestAppUITests.xctest */;
			productType = "com.apple.product-type.bundle.ui-testing";
		};
/* End PBXNativeTarget section */

/* Begin PBXProject section */
		F0AEF06827A2732A00C9D24C /* Project object */ = {
			isa = PBXProject;
			attributes = {
				LastSwiftUpdateCheck = 1250;
				LastUpgradeCheck = 1250;
				TargetAttributes = {
					F0AEF06F27A2732A00C9D24C = {
						CreatedOnToolsVersion = 12.5.1;
					};
					F0AEF08527A2732A00C9D24C = {
						CreatedOnToolsVersion = 12.5.1;
						TestTargetID = F0AEF06F27A2732A00C9D24C;
					};
					F0AEF09027A2732A00C9D24C = {
						CreatedOnToolsVersion = 12.5.1;
						TestTargetID = F0AEF06F27A2732A00C9D24C;
					};
				};
			};
			buildConfigurationList = F0AEF06B27A2732A00C9D24C /* Build configuration list for PBXProject "TestApp" */;
			compatibilityVersion = "Xcode 9.3";
			developmentRegion = en;
			hasScannedForEncodings = 0;
			knownRegions = (
				en,
				Base,
			);
			mainGroup = F0AEF06727A2732A00C9D24C;
			productRefGroup = F0AEF07127A2732A00C9D24C /* Products */;
			projectDirPath = "";
			projectRoot = "";
			targets = (
				F0AEF06F27A2732A00C9D24C /* TestApp */,
				F0AEF08527A2732A00C9D24C /* TestAppTests */,
				F0AEF09027A2732A00C9D24C /* TestAppUITests */,
			);
		};
/* End PBXProject section */

/* Begin PBXResourcesBuildPhase section */
		F0AEF06E27A2732A00C9D24C /* Resources */ = {
			isa = PBXResourcesBuildPhase;
			buildActionMask = 2147483647;
			files = (
				F0AEF08027A2732A00C9D24C /* LaunchScreen.storyboard in Resources */,
				F0AEF07D27A2732A00C9D24C /* Assets.xcassets in Resources */,
				F0AEF07B27A2732A00C9D24C /* Main.storyboard in Resources */,
			);
			runOnlyForDeploymentPostprocessing = 0;
		};
		F0AEF08427A2732A00C9D24C /* Resources */ = {
			isa = PBXResourcesBuildPhase;
			buildActionMask = 2147483647;
			files = (
			);
			runOnlyForDeploymentPostprocessing = 0;
		};
		F0AEF08F27A2732A00C9D24C /* Resources */ = {
			isa = PBXResourcesBuildPhase;
			buildActionMask = 2147483647;
			files = (
			);
			runOnlyForDeploymentPostprocessing = 0;
		};
/* End PBXResourcesBuildPhase section */

/* Begin PBXSourcesBuildPhase section */
		F0AEF06C27A2732A00C9D24C /* Sources */ = {
			isa = PBXSourcesBuildPhase;
			buildActionMask = 2147483647;
			files = (
				F0AEF0A427A278BC00C9D24C /* FirstViewController.swift in Sources */,
				F0AEF07427A2732A00C9D24C /* AppDelegate.swift in Sources */,
				F0AEF0A627A29E6600C9D24C /* CustomTableViewCell.swift in Sources */,
				F0AEF07627A2732A00C9D24C /* SceneDelegate.swift in Sources */,
			);
			runOnlyForDeploymentPostprocessing = 0;
		};
		F0AEF08227A2732A00C9D24C /* Sources */ = {
			isa = PBXSourcesBuildPhase;
			buildActionMask = 2147483647;
			files = (
				F0AEF08B27A2732A00C9D24C /* TestAppTests.swift in Sources */,
			);
			runOnlyForDeploymentPostprocessing = 0;
		};
		F0AEF08D27A2732A00C9D24C /* Sources */ = {
			isa = PBXSourcesBuildPhase;
			buildActionMask = 2147483647;
			files = (
				F0AEF09627A2732A00C9D24C /* TestAppUITests.swift in Sources */,
			);
			runOnlyForDeploymentPostprocessing = 0;
		};
/* End PBXSourcesBuildPhase section */

/* Begin PBXTargetDependency section */
		F0AEF08827A2732A00C9D24C /* PBXTargetDependency */ = {
			isa = PBXTargetDependency;
			target = F0AEF06F27A2732A00C9D24C /* TestApp */;
			targetProxy = F0AEF08727A2732A00C9D24C /* PBXContainerItemProxy */;
		};
		F0AEF09327A2732A00C9D24C /* PBXTargetDependency */ = {
			isa = PBXTargetDependency;
			target = F0AEF06F27A2732A00C9D24C /* TestApp */;
			targetProxy = F0AEF09227A2732A00C9D24C /* PBXContainerItemProxy */;
		};
/* End PBXTargetDependency section */

/* Begin PBXVariantGroup section */
		F0AEF07927A2732A00C9D24C /* Main.storyboard */ = {
			isa = PBXVariantGroup;
			children = (
				F0AEF07A27A2732A00C9D24C /* Base */,
			);
			name = Main.storyboard;
			sourceTree = "<group>";
		};
		F0AEF07E27A2732A00C9D24C /* LaunchScreen.storyboard */ = {
			isa = PBXVariantGroup;
			children = (
				F0AEF07F27A2732A00C9D24C /* Base */,
			);
			name = LaunchScreen.storyboard;
			sourceTree = "<group>";
		};
/* End PBXVariantGroup section */

/* Begin XCBuildConfiguration section */
		F0AEF09827A2732A00C9D24C /* Debug */ = {
			isa = XCBuildConfiguration;
			buildSettings = {
				ALWAYS_SEARCH_USER_PATHS = NO;
				CLANG_ANALYZER_NONNULL = YES;
				CLANG_ANALYZER_NUMBER_OBJECT_CONVERSION = YES_AGGRESSIVE;
				CLANG_CXX_LANGUAGE_STANDARD = "gnu++14";
				CLANG_CXX_LIBRARY = "libc++";
				CLANG_ENABLE_MODULES = YES;
				CLANG_ENABLE_OBJC_ARC = YES;
				CLANG_ENABLE_OBJC_WEAK = YES;
				CLANG_WARN_BLOCK_CAPTURE_AUTORELEASING = YES;
				CLANG_WARN_BOOL_CONVERSION = YES;
				CLANG_WARN_COMMA = YES;
				CLANG_WARN_CONSTANT_CONVERSION = YES;
				CLANG_WARN_DEPRECATED_OBJC_IMPLEMENTATIONS = YES;
				CLANG_WARN_DIRECT_OBJC_ISA_USAGE = YES_ERROR;
				CLANG_WARN_DOCUMENTATION_COMMENTS = YES;
				CLANG_WARN_EMPTY_BODY = YES;
				CLANG_WARN_ENUM_CONVERSION = YES;
				CLANG_WARN_INFINITE_RECURSION = YES;
				CLANG_WARN_INT_CONVERSION = YES;
				CLANG_WARN_NON_LITERAL_NULL_CONVERSION = YES;
				CLANG_WARN_OBJC_IMPLICIT_RETAIN_SELF = YES;
				CLANG_WARN_OBJC_LITERAL_CONVERSION = YES;
				CLANG_WARN_OBJC_ROOT_CLASS = YES_ERROR;
				CLANG_WARN_QUOTED_INCLUDE_IN_FRAMEWORK_HEADER = YES;
				CLANG_WARN_RANGE_LOOP_ANALYSIS = YES;
				CLANG_WARN_STRICT_PROTOTYPES = YES;
				CLANG_WARN_SUSPICIOUS_MOVE = YES;
				CLANG_WARN_UNGUARDED_AVAILABILITY = YES_AGGRESSIVE;
				CLANG_WARN_UNREACHABLE_CODE = YES;
				CLANG_WARN__DUPLICATE_METHOD_MATCH = YES;
				COPY_PHASE_STRIP = NO;
				DEBUG_INFORMATION_FORMAT = dwarf;
				ENABLE_STRICT_OBJC_MSGSEND = YES;
				ENABLE_TESTABILITY = YES;
				GCC_C_LANGUAGE_STANDARD = gnu11;
				GCC_DYNAMIC_NO_PIC = NO;
				GCC_NO_COMMON_BLOCKS = YES;
				GCC_OPTIMIZATION_LEVEL = 0;
				GCC_PREPROCESSOR_DEFINITIONS = (
					"DEBUG=1",
					"$(inherited)",
				);
				GCC_WARN_64_TO_32_BIT_CONVERSION = YES;
				GCC_WARN_ABOUT_RETURN_TYPE = YES_ERROR;
				GCC_WARN_UNDECLARED_SELECTOR = YES;
				GCC_WARN_UNINITIALIZED_AUTOS = YES_AGGRESSIVE;
				GCC_WARN_UNUSED_FUNCTION = YES;
				GCC_WARN_UNUSED_VARIABLE = YES;
				IPHONEOS_DEPLOYMENT_TARGET = 14.5;
				MTL_ENABLE_DEBUG_INFO = INCLUDE_SOURCE;
				MTL_FAST_MATH = YES;
				ONLY_ACTIVE_ARCH = YES;
				SDKROOT = iphoneos;
				SWIFT_ACTIVE_COMPILATION_CONDITIONS = DEBUG;
				SWIFT_OPTIMIZATION_LEVEL = "-Onone";
			};
			name = Debug;
		};
		F0AEF09927A2732A00C9D24C /* Release */ = {
			isa = XCBuildConfiguration;
			buildSettings = {
				ALWAYS_SEARCH_USER_PATHS = NO;
				CLANG_ANALYZER_NONNULL = YES;
				CLANG_ANALYZER_NUMBER_OBJECT_CONVERSION = YES_AGGRESSIVE;
				CLANG_CXX_LANGUAGE_STANDARD = "gnu++14";
				CLANG_CXX_LIBRARY = "libc++";
				CLANG_ENABLE_MODULES = YES;
				CLANG_ENABLE_OBJC_ARC = YES;
				CLANG_ENABLE_OBJC_WEAK = YES;
				CLANG_WARN_BLOCK_CAPTURE_AUTORELEASING = YES;
				CLANG_WARN_BOOL_CONVERSION = YES;
				CLANG_WARN_COMMA = YES;
				CLANG_WARN_CONSTANT_CONVERSION = YES;
				CLANG_WARN_DEPRECATED_OBJC_IMPLEMENTATIONS = YES;
				CLANG_WARN_DIRECT_OBJC_ISA_USAGE = YES_ERROR;
				CLANG_WARN_DOCUMENTATION_COMMENTS = YES;
				CLANG_WARN_EMPTY_BODY = YES;
				CLANG_WARN_ENUM_CONVERSION = YES;
				CLANG_WARN_INFINITE_RECURSION = YES;
				CLANG_WARN_INT_CONVERSION = YES;
				CLANG_WARN_NON_LITERAL_NULL_CONVERSION = YES;
				CLANG_WARN_OBJC_IMPLICIT_RETAIN_SELF = YES;
				CLANG_WARN_OBJC_LITERAL_CONVERSION = YES;
				CLANG_WARN_OBJC_ROOT_CLASS = YES_ERROR;
				CLANG_WARN_QUOTED_INCLUDE_IN_FRAMEWORK_HEADER = YES;
				CLANG_WARN_RANGE_LOOP_ANALYSIS = YES;
				CLANG_WARN_STRICT_PROTOTYPES = YES;
				CLANG_WARN_SUSPICIOUS_MOVE = YES;
				CLANG_WARN_UNGUARDED_AVAILABILITY = YES_AGGRESSIVE;
				CLANG_WARN_UNREACHABLE_CODE = YES;
				CLANG_WARN__DUPLICATE_METHOD_MATCH = YES;
				COPY_PHASE_STRIP = NO;
				DEBUG_INFORMATION_FORMAT = "dwarf-with-dsym";
				ENABLE_NS_ASSERTIONS = NO;
				ENABLE_STRICT_OBJC_MSGSEND = YES;
				GCC_C_LANGUAGE_STANDARD = gnu11;
				GCC_NO_COMMON_BLOCKS = YES;
				GCC_WARN_64_TO_32_BIT_CONVERSION = YES;
				GCC_WARN_ABOUT_RETURN_TYPE = YES_ERROR;
				GCC_WARN_UNDECLARED_SELECTOR = YES;
				GCC_WARN_UNINITIALIZED_AUTOS = YES_AGGRESSIVE;
				GCC_WARN_UNUSED_FUNCTION = YES;
				GCC_WARN_UNUSED_VARIABLE = YES;
				IPHONEOS_DEPLOYMENT_TARGET = 14.5;
				MTL_ENABLE_DEBUG_INFO = NO;
				MTL_FAST_MATH = YES;
				SDKROOT = iphoneos;
				SWIFT_COMPILATION_MODE = wholemodule;
				SWIFT_OPTIMIZATION_LEVEL = "-O";
				VALIDATE_PRODUCT = YES;
			};
			name = Release;
		};
		F0AEF09B27A2732A00C9D24C /* Debug */ = {
			isa = XCBuildConfiguration;
			buildSettings = {
				ASSETCATALOG_COMPILER_APPICON_NAME = AppIcon;
				ASSETCATALOG_COMPILER_GLOBAL_ACCENT_COLOR_NAME = AccentColor;
				CODE_SIGN_STYLE = Automatic;
				DEVELOPMENT_TEAM = LCT67Y5M45;
				INFOPLIST_FILE = TestApp/Info.plist;
				IPHONEOS_DEPLOYMENT_TARGET = 13.0;
				LD_RUNPATH_SEARCH_PATHS = (
					"$(inherited)",
					"@executable_path/Frameworks",
				);
				PRODUCT_BUNDLE_IDENTIFIER = com.djamalmagomedov.TestApp;
				PRODUCT_NAME = "$(TARGET_NAME)";
				SWIFT_VERSION = 5.0;
				TARGETED_DEVICE_FAMILY = "1,2";
			};
			name = Debug;
		};
		F0AEF09C27A2732A00C9D24C /* Release */ = {
			isa = XCBuildConfiguration;
			buildSettings = {
				ASSETCATALOG_COMPILER_APPICON_NAME = AppIcon;
				ASSETCATALOG_COMPILER_GLOBAL_ACCENT_COLOR_NAME = AccentColor;
				CODE_SIGN_STYLE = Automatic;
				DEVELOPMENT_TEAM = LCT67Y5M45;
				INFOPLIST_FILE = TestApp/Info.plist;
				IPHONEOS_DEPLOYMENT_TARGET = 13.0;
				LD_RUNPATH_SEARCH_PATHS = (
					"$(inherited)",
					"@executable_path/Frameworks",
				);
				PRODUCT_BUNDLE_IDENTIFIER = com.djamalmagomedov.TestApp;
				PRODUCT_NAME = "$(TARGET_NAME)";
				SWIFT_VERSION = 5.0;
				TARGETED_DEVICE_FAMILY = "1,2";
			};
			name = Release;
		};
		F0AEF09E27A2732A00C9D24C /* Debug */ = {
			isa = XCBuildConfiguration;
			buildSettings = {
				ALWAYS_EMBED_SWIFT_STANDARD_LIBRARIES = YES;
				BUNDLE_LOADER = "$(TEST_HOST)";
				CODE_SIGN_STYLE = Automatic;
				DEVELOPMENT_TEAM = LCT67Y5M45;
				INFOPLIST_FILE = TestAppTests/Info.plist;
				IPHONEOS_DEPLOYMENT_TARGET = 14.5;
				LD_RUNPATH_SEARCH_PATHS = (
					"$(inherited)",
					"@executable_path/Frameworks",
					"@loader_path/Frameworks",
				);
				PRODUCT_BUNDLE_IDENTIFIER = com.djamalmagomedov.TestAppTests;
				PRODUCT_NAME = "$(TARGET_NAME)";
				SWIFT_VERSION = 5.0;
				TARGETED_DEVICE_FAMILY = "1,2";
				TEST_HOST = "$(BUILT_PRODUCTS_DIR)/TestApp.app/TestApp";
			};
			name = Debug;
		};
		F0AEF09F27A2732A00C9D24C /* Release */ = {
			isa = XCBuildConfiguration;
			buildSettings = {
				ALWAYS_EMBED_SWIFT_STANDARD_LIBRARIES = YES;
				BUNDLE_LOADER = "$(TEST_HOST)";
				CODE_SIGN_STYLE = Automatic;
				DEVELOPMENT_TEAM = LCT67Y5M45;
				INFOPLIST_FILE = TestAppTests/Info.plist;
				IPHONEOS_DEPLOYMENT_TARGET = 14.5;
				LD_RUNPATH_SEARCH_PATHS = (
					"$(inherited)",
					"@executable_path/Frameworks",
					"@loader_path/Frameworks",
				);
				PRODUCT_BUNDLE_IDENTIFIER = com.djamalmagomedov.TestAppTests;
				PRODUCT_NAME = "$(TARGET_NAME)";
				SWIFT_VERSION = 5.0;
				TARGETED_DEVICE_FAMILY = "1,2";
				TEST_HOST = "$(BUILT_PRODUCTS_DIR)/TestApp.app/TestApp";
			};
			name = Release;
		};
		F0AEF0A127A2732A00C9D24C /* Debug */ = {
			isa = XCBuildConfiguration;
			buildSettings = {
				ALWAYS_EMBED_SWIFT_STANDARD_LIBRARIES = YES;
				CODE_SIGN_STYLE = Automatic;
				DEVELOPMENT_TEAM = LCT67Y5M45;
				INFOPLIST_FILE = TestAppUITests/Info.plist;
				LD_RUNPATH_SEARCH_PATHS = (
					"$(inherited)",
					"@executable_path/Frameworks",
					"@loader_path/Frameworks",
				);
				PRODUCT_BUNDLE_IDENTIFIER = com.djamalmagomedov.TestAppUITests;
				PRODUCT_NAME = "$(TARGET_NAME)";
				SWIFT_VERSION = 5.0;
				TARGETED_DEVICE_FAMILY = "1,2";
				TEST_TARGET_NAME = TestApp;
			};
			name = Debug;
		};
		F0AEF0A227A2732A00C9D24C /* Release */ = {
			isa = XCBuildConfiguration;
			buildSettings = {
				ALWAYS_EMBED_SWIFT_STANDARD_LIBRARIES = YES;
				CODE_SIGN_STYLE = Automatic;
				DEVELOPMENT_TEAM = LCT67Y5M45;
				INFOPLIST_FILE = TestAppUITests/Info.plist;
				LD_RUNPATH_SEARCH_PATHS = (
					"$(inherited)",
					"@executable_path/Frameworks",
					"@loader_path/Frameworks",
				);
				PRODUCT_BUNDLE_IDENTIFIER = com.djamalmagomedov.TestAppUITests;
				PRODUCT_NAME = "$(TARGET_NAME)";
				SWIFT_VERSION = 5.0;
				TARGETED_DEVICE_FAMILY = "1,2";
				TEST_TARGET_NAME = TestApp;
			};
			name = Release;
		};
/* End XCBuildConfiguration section */

/* Begin XCConfigurationList section */
		F0AEF06B27A2732A00C9D24C /* Build configuration list for PBXProject "TestApp" */ = {
			isa = XCConfigurationList;
			buildConfigurations = (
				F0AEF09827A2732A00C9D24C /* Debug */,
				F0AEF09927A2732A00C9D24C /* Release */,
			);
			defaultConfigurationIsVisible = 0;
			defaultConfigurationName = Release;
		};
		F0AEF09A27A2732A00C9D24C /* Build configuration list for PBXNativeTarget "TestApp" */ = {
			isa = XCConfigurationList;
			buildConfigurations = (
				F0AEF09B27A2732A00C9D24C /* Debug */,
				F0AEF09C27A2732A00C9D24C /* Release */,
			);
			defaultConfigurationIsVisible = 0;
			defaultConfigurationName = Release;
		};
		F0AEF09D27A2732A00C9D24C /* Build configuration list for PBXNativeTarget "TestAppTests" */ = {
			isa = XCConfigurationList;
			buildConfigurations = (
				F0AEF09E27A2732A00C9D24C /* Debug */,
				F0AEF09F27A2732A00C9D24C /* Release */,
			);
			defaultConfigurationIsVisible = 0;
			defaultConfigurationName = Release;
		};
		F0AEF0A027A2732A00C9D24C /* Build configuration list for PBXNativeTarget "TestAppUITests" */ = {
			isa = XCConfigurationList;
			buildConfigurations = (
				F0AEF0A127A2732A00C9D24C /* Debug */,
				F0AEF0A227A2732A00C9D24C /* Release */,
			);
			defaultConfigurationIsVisible = 0;
			defaultConfigurationName = Release;
		};
/* End XCConfigurationList section */
	};
	rootObject = F0AEF06827A2732A00C9D24C /* Project object */;
}
